github.com/hiddify/hiddify-sing-box v1.4.0-rc.3.0.20231117161453-c3f0a30db24b h1:DQIrlq1j8TFp+bJhrO1xIUB9m/DLlo9Jne1BsRSUKBE=
github.com/hiddify/hiddify-sing-box v1.4.0-rc.3.0.20231117161453-c3f0a30db24b/go.mod h1:JvmYCR1jMHk8DGZZ/vJFCqj7IlJ/3GxWEhhvDN1eFLA=
github.com/miekg/dns v1.1.56 h1:5imZaSeoRNvpM9SzWNhEcP9QliKiz20/dA2QabIGVnE=
github.com/miekg/dns v1.1.56/go.mod h1:cRm6Oo2C8TY9ZS/TqsSrseAcncm74lfK5G+ikN2SWWY=
github.com/sagernet/sing v0.2.18-0.20231108041402-4fbbd193203c h1:uask61Pxc3nGqsOSjqnBKrwfODWRoEa80lXm04LNk0E=
github.com/sagernet/sing v0.2.18-0.20231108041402-4fbbd193203c/go.mod h1:OL6k2F0vHmEzXz2KW19qQzu172FDgSbUSODylighuVo=
github.com/sagernet/sing-dns v0.1.10 h1:iIU7nRBlUYj+fF2TaktGIvRiTFFrHwSMedLQsvlTZCI=
github.com/sagernet/sing-dns v0.1.10/go.mod h1:vtUimtf7Nq9EdvD5WTpfCr69KL1M7bcgOVKiYBiAY/c=
golang.org/x/mod v0.13.0 h1:I/DsJXRlw/8l/0c24sM9yb0T4z9liZTduXvdAWYiysY=
golang.org/x/mod v0.13.0/go.mod h1:hTbmBsO62+eylJbnUtE2MGJUyE7QWk4xUqPFrRgJ+7c=
golang.org/x/net v0.18.0 h1:mIYleuAkSbHh0tCv7RvjL3F6ZVbLjq4+R7zbOn3Kokg=
golang.org/x/net v0.18.0/go.mod h1:/czyP5RqHAH4odGYxBJ1qz0+CE5WZ+2j1YgoEo8F2jQ=
golang.org/x/sync v0.4.0 h1:zxkM55ReGkDlKSM+Fu41A+zmbZuaPVbGMzvvdUPznYQ=
golang.org/x/sync v0.4.0/go.mod h1:FU7BRWz2tNW+3quACPkgCx/L+uEAv1htQ0V83Z9Rj+Y=
golang.org/x/sys v0.14.0 h1:Vz7Qs629MkJkGyHxUlRHizWJRG2j8fbQKjELVSNhy7Q=
golang.org/x/sys v0.14.0/go.mod h1:/VUhepiaJMQUp4+oa/7Zr1D23ma6VTLIYjOOTFZPUcA=
golang.org/x/tools v0.14.0 h1:jvNa2pY0M4r62jkRQ6RwEZZyPcymeL9XZMLBbV7U2nc=
golang.org/x/tools v0.14.0/go.mod h1:uYBEerGOWcJyEORxN+Ek8+TT266gXkNlHdJBwexUsBg=
